<Solution>
  <Configurations>
    <Platform Name="ARM64" />
    <Platform Name="x64" />
    <Platform Name="x86" />
  </Configurations>
  <Project Path="Common/Common.vcxitems" Id="8c87dc58-0dab-445f-84e3-60f76b93ee20" />
  <Project Path="Ems/Ems.vcxproj" Id="f804537c-a4a2-41d0-8497-40cbe83edccc">
    <Platform Solution="*|ARM64" Project="x64" />
  </Project>
  <Project Path="ExplorerCore/ExplorerCore.vcxproj" Id="690786f8-7577-4da2-8bab-29db73ddc618">
    <Platform Solution="*|ARM64" Project="x64" />
  </Project>
  <Project Path="KernelExplorer/KernelExplorer.vcxproj">
    <Platform Solution="*|x86" Project="x64" />
    <Deploy />
  </Project>
  <Project Path="SystemExplorer/SystemExplorer.vcxproj" Id="6cf68809-cd06-41cd-93b2-fa140f12a6d7">
    <Deploy />
  </Project>
  <Project Path="Xaml/Xaml.vcxproj" Id="7389541c-a0b0-495d-8ae6-388b1761c371" />
</Solution>
