<?xml version="1.0" encoding="utf-8"?>
<Project ToolsVersion="4.0" xmlns="http://schemas.microsoft.com/developer/msbuild/2003">
  <ItemGroup>
    <ApplicationDefinition Include="App.xaml" />
  </ItemGroup>
  <ItemGroup>
    <Page Include="Views\Windows\MainWindow.xaml">
      <Filter>Views\Windows</Filter>
    </Page>
    <Page Include="Views\Pages\Activities\ActivitiesRootPage.xaml">
      <Filter>Views\Pages\Activities</Filter>
    </Page>
    <Page Include="Views\Pages\Settings\AdvancedPage.xaml">
      <Filter>Views\Pages\Settings</Filter>
    </Page>
    <Page Include="Views\Pages\Settings\AboutPage.xaml">
      <Filter>Views\Pages\Settings</Filter>
    </Page>
    <Page Include="Views\Pages\Settings\AppearancePage.xaml">
      <Filter>Views\Pages\Settings</Filter>
    </Page>
    <Page Include="Views\Pages\Settings\GeneralPage.xaml">
      <Filter>Views\Pages\Settings</Filter>
    </Page>
    <Page Include="Views\Pages\Activities\ProcessesPage.xaml">
      <Filter>Views\Pages\Activities</Filter>
    </Page>
    <Page Include="Views\Pages\RootPage.xaml">
      <Filter>Views\Pages</Filter>
    </Page>
    <Page Include="Views\Pages\Settings\SettingsRootPage.xaml">
      <Filter>Views\Pages\Settings</Filter>
    </Page>
    <Page Include="Views\Pages\Activities\ServicesPage.xaml" />
    <Page Include="Views\Pages\Activities\Performance\PerformanceRootPage.xaml" />
    <Page Include="Views\Pages\Activities\Performance\CpuPerformancePage.xaml" />
    <Page Include="Views\Pages\Settings\DeveloperToolsPage.xaml" />
    <Page Include="Views\Pages\Settings\RemoteAccessPage.xaml" />
    <Page Include="Views\Pages\Settings\EmsPage.xaml" />
    <Page Include="Views\Pages\Settings\RemoteAccessSessionPage.xaml" />
    <Page Include="Xaml\Controls\SettingsGroup\SimpleSettingsGroup\SimpleSettingsGroup.xaml" />
    <Page Include="Themes\Generic.xaml" />
    <Page Include="Xaml\Styles\Animations.xaml" />
    <Page Include="Xaml\Styles\FlatButton.xaml" />
    <Page Include="Views\Pages\Settings\ResourceUsagePage.xaml" />
    <Page Include="Views\Pages\Settings\UserPage.xaml" />
    <Page Include="Xaml\Styles\StoreNavigationViewStyle\StoreNavigationViewStyle.xaml" />
    <Page Include="Views\Pages\System\SystemRootPage.xaml" />
    <Page Include="Views\Pages\System\AboutSystemPage.xaml" />
  </ItemGroup>
  <ItemGroup>
    <Midl Include="Converters\HexToColorConverter.idl">
      <Filter>Converters</Filter>
    </Midl>
    <Midl Include="Converters\StringToBrushConverter.idl">
      <Filter>Converters</Filter>
    </Midl>
    <Midl Include="Converters\TransparencyConverter.idl">
      <Filter>Converters</Filter>
    </Midl>
    <Midl Include="Converters\ValueToSizeUnitConverter.idl">
      <Filter>Converters</Filter>
    </Midl>
    <Midl Include="Core\Data\Enums\BackdropMaterialType.idl">
      <Filter>Core\Data\Enums</Filter>
    </Midl>
    <Midl Include="Core\Data\Enums\HorizontalAlignment.idl">
      <Filter>Core\Data\Enums</Filter>
    </Midl>
    <Midl Include="Core\Data\Enums\InformationUpdateSpeed.idl">
      <Filter>Core\Data\Enums</Filter>
    </Midl>
    <Midl Include="Core\Data\Enums\Stretch.idl">
      <Filter>Core\Data\Enums</Filter>
    </Midl>
    <Midl Include="Core\Data\Enums\VerticalAlignment.idl">
      <Filter>Core\Data\Enums</Filter>
    </Midl>
    <Midl Include="Core\Data\Items\AppLanguageItem.idl">
      <Filter>Core\Data\Items</Filter>
    </Midl>
    <Midl Include="Core\Data\Items\AppThemeResourceItem.idl">
      <Filter>Core\Data\Items</Filter>
    </Midl>
    <Midl Include="Core\Data\Items\ProcessItem.idl">
      <Filter>Core\Data\Items</Filter>
    </Midl>
    <Midl Include="Core\Data\Models\AppModel.idl">
      <Filter>Core\Data\Models</Filter>
    </Midl>
    <Midl Include="Helpers\StringsHelper.idl">
      <Filter>Helpers</Filter>
    </Midl>
    <Midl Include="ViewModels\RootViewModel.idl">
      <Filter>ViewModels</Filter>
    </Midl>
    <Midl Include="ViewModels\ViewModelBase.idl">
      <Filter>ViewModels</Filter>
    </Midl>
    <Midl Include="ViewModels\Settings\AppearanceViewModel.idl">
      <Filter>ViewModels\Settings</Filter>
    </Midl>
    <Midl Include="ViewModels\Settings\GeneralViewModel.idl">
      <Filter>ViewModels\Settings</Filter>
    </Midl>
    <Midl Include="ViewModels\Settings\AboutViewModel.idl">
      <Filter>ViewModels\Settings</Filter>
    </Midl>
    <Midl Include="ViewModels\Settings\AdvancedViewModel.idl">
      <Filter>ViewModels\Settings</Filter>
    </Midl>
    <Midl Include="ViewModels\Activities\ProcessesViewModel.idl">
      <Filter>ViewModels\Activities</Filter>
    </Midl>
    <Midl Include="Helpers\UI\AppSystemBackdrop.idl">
      <Filter>Helpers\UI</Filter>
    </Midl>
    <Midl Include="Core\Data\Enums\ItemSize.idl" />
    <Midl Include="Core\Data\Items\PerformanceNavigationViewItem.idl" />
    <Midl Include="ViewModels\Activities\Performance\PerformanceViewModel.idl" />
    <Midl Include="Core\Data\Items\RemoteComputerItem.idl" />
    <Midl Include="Xaml\Mvvm\RelayCommand.idl" />
    <Midl Include="Xaml\Mvvm\AsyncRelayCommand.idl" />
    <Midl Include="Xaml\Mvvm\AsyncRelayCommandFactory.idl" />
    <Midl Include="Xaml\Selectors\ItemTemplateSelector.idl" />
    <Midl Include="Xaml\Controls\SettingsGroup\SimpleSettingsGroup\SimpleSettingsGroup.idl" />
    <Midl Include="Xaml\Controls\SettingsGroup\SimpleSettingsGroup\SimpleSettingsGroupAutomationPeer.idl" />
    <Midl Include="Core\Data\Items\NavigationCatalogItem.idl" />
    <Midl Include="Views\Pages\IUriNavigationSupportPage.idl" />
    <Midl Include="Core\Data\Items\NavigationBreadcrumbBarItem.idl" />
    <Midl Include="Views\Pages\IBreadcrumbBarNavigationSupportPage.idl" />
    <Midl Include="Helpers\ResourceString.idl" />
    <Midl Include="ViewModels\Settings\ResourceUsageViewModel.idl" />
    <Midl Include="ViewModels\Settings\RemoteAccessSessionViewModel.idl" />
    <Midl Include="ViewModels\Settings\RemoteAccessViewModel.idl" />
    <Midl Include="Xaml\Styles\StoreNavigationViewStyle\StoreNavigationViewItemAttach.idl" />
    <Midl Include="ViewModels\Settings\ExtensionModulesViewModel.idl" />
    <Midl Include="Core\Data\Items\ExtensionModuleItem.idl" />
  </ItemGroup>
  <ItemGroup>
    <ClCompile Include="pch.cpp" />
    <ClCompile Include="main.cpp" />
    <ClCompile Include="Core\AI\Actions\ProcessesActionProvider.cpp">
      <Filter>Core\AI\Actions</Filter>
    </ClCompile>
    <ClCompile Include="Core\Data\Factories\AppThemeResourceFactory.cpp">
      <Filter>Core\Data\Factories</Filter>
    </ClCompile>
    <ClCompile Include="Core\Diagnostics\AsyncFileLogger.cpp">
      <Filter>Core\Diagnostics</Filter>
    </ClCompile>
    <ClCompile Include="Core\Services\AppLanguageService.cpp">
      <Filter>Core\Services</Filter>
    </ClCompile>
    <ClCompile Include="Core\Services\AppResourcesService.cpp">
      <Filter>Core\Services</Filter>
    </ClCompile>
    <ClCompile Include="Helpers\EnumHelper.cpp">
      <Filter>Helpers</Filter>
    </ClCompile>
    <ClCompile Include="Core\AI\Actions\WmiActionProvider.cpp">
      <Filter>Core\AI\Actions</Filter>
    </ClCompile>
    <ClCompile Include="Core\System\Native\apiimport.cpp">
      <Filter>Core\System\Native</Filter>
    </ClCompile>
    <ClCompile Include="Core\System\Native\error.c">
      <Filter>Core\System\Native</Filter>
    </ClCompile>
    <ClCompile Include="Core\System\Native\mapldr.cpp">
      <Filter>Core\System\Native</Filter>
    </ClCompile>
    <ClCompile Include="Core\System\Native\process.c">
      <Filter>Core\System\Native</Filter>
    </ClCompile>
    <ClCompile Include="Core\System\Native\procproc.c">
      <Filter>Core\System\Native</Filter>
    </ClCompile>
    <ClCompile Include="Core\System\Native\sesup.c">
      <Filter>Core\System\Native</Filter>
    </ClCompile>
    <ClCompile Include="Core\System\Native\sebasesup.c">
      <Filter>Core\System\Native</Filter>
    </ClCompile>
    <ClCompile Include="Core\System\Native\senative.c">
      <Filter>Core\System\Native</Filter>
    </ClCompile>
    <ClCompile Include="Core\System\Native\util.c">
      <Filter>Core\System\Native</Filter>
    </ClCompile>
    <ClCompile Include="Helpers\Win32\Native\NativeProcess.cpp" />
    <ClCompile Include="Core\System\Native\guisup.c" />
    <ClCompile Include="Core\System\Native\file.c" />
    <ClCompile Include="Core\System\Native\symprv.c" />
    <ClCompile Include="Core\System\Mi\Management.cpp" />
    <ClCompile Include="Core\System\Native\dump.c" />
    <ClCompile Include="Core\System\Native\basestring.cpp" />
    <ClCompile Include="Helpers\Win32\ShellHelper.cpp" />
    <ClCompile Include="Converters\Native\HiconToBitmapSourceConverter.cpp" />
    <ClCompile Include="Helpers\Win32\Native\NativeSystem.cpp" />
    <ClCompile Include="Helpers\ProcessPropertiesHelper.cpp" />
    <ClCompile Include="Helpers\UI\DesktopNotification.cpp" />
    <ClCompile Include="Controls\PerformanceGraph.cpp" />
    <ClCompile Include="Core\Settings\SharedSettings.cpp" />
    <ClCompile Include="ViewModels\Activities\ProcessesViewModel.Commands.cpp" />
    <ClCompile Include="ViewModels\Activities\ProcessesViewModel.Properties.cpp" />
    <ClCompile Include="Xaml\Mvvm\AsyncRelayCommand.cpp" />
    <ClCompile Include="Xaml\Mvvm\AsyncRelayCommandFactory.cpp" />
    <ClCompile Include="Xaml\Mvvm\RelayCommand.cpp" />
    <ClCompile Include="Xaml\Selectors\ItemTemplateSelector.cpp" />
    <ClCompile Include="Xaml\Controls\SettingsGroup\SimpleSettingsGroup\SimpleSettingsGroup.cpp" />
    <ClCompile Include="Xaml\Controls\SettingsGroup\SimpleSettingsGroup\SimpleSettingsGroupAutomationPeer.cpp" />
    <ClCompile Include="XamlTypeInfo.module.cpp" />
    <ClCompile Include="XamlTypeInfo.Impl.module.cpp" />
    <ClCompile Include="XamlMetaDataProvider.module.cpp" />
    <ClCompile Include="Core\Services\AppMemoryManager.cpp" />
    <ClCompile Include="Core\System\Sources\NativeProcessDataSource.cpp" />
    <ClCompile Include="Core\System\Monitors\ProcessMonitor.cpp" />
    <ClCompile Include="Core\System\Monitors\MonitorBase.cpp" />
    <ClCompile Include="Core\System\N2\memory.cpp" />
    <ClCompile Include="Core\System\N2\process.cpp" />
    <ClCompile Include="Core\System\Sources\WTSProcessDataSource.cpp" />
    <ClCompile Include="ViewModels\Settings\RemoteAccessViewModel.Commands.cpp" />
    <ClCompile Include="Core\System\Controllers\NativeProcessController.cpp" />
    <ClCompile Include="Core\System\Controllers\WTSProcessController.cpp" />
    <ClCompile Include="Core\Services\RemoteDevicesService.cpp" />
    <ClCompile Include="Xaml\Styles\StoreNavigationViewStyle\StoreNavigationViewItemAttach.cpp" />
    <ClCompile Include="Core\Ems\EmsHost.cpp" />
    <ClCompile Include="Core\Ems\EmsProcessService.cpp" />
    <ClCompile Include="Core\Ems\EmsServiceProvider.cpp" />
    <ClCompile Include="Core\Kse\KernelDriver.cpp" />
    <ClCompile Include="ViewModels\Settings\AdvancedViewModel.Commands.cpp" />
    <ClCompile Include="ViewModels\Settings\GeneralViewModel.Properties.cpp" />
    <ClCompile Include="ViewModels\Settings\AppearanceViewModel.Properties.cpp" />
  </ItemGroup>
  <ItemGroup>
    <ClInclude Include="pch.h" />
    <ClInclude Include="resource.h" />
    <ClInclude Include="factory.h" />
    <ClInclude Include="property.h" />
    <ClInclude Include="Core\AI\Actions\ProcessesActionProvider.h">
      <Filter>Core\AI\Actions</Filter>
    </ClInclude>
    <ClInclude Include="Core\Data\Factories\AppThemeResourceFactory.h">
      <Filter>Core\Data\Factories</Filter>
    </ClInclude>
    <ClInclude Include="Core\Diagnostics\Diagnostics.h">
      <Filter>Core\Diagnostics</Filter>
    </ClInclude>
    <ClInclude Include="Core\Diagnostics\AsyncFileLogger.h">
      <Filter>Core\Diagnostics</Filter>
    </ClInclude>
    <ClInclude Include="Core\Services\AppLanguageService.h">
      <Filter>Core\Services</Filter>
    </ClInclude>
    <ClInclude Include="Core\Services\AppResourcesService.h">
      <Filter>Core\Services</Filter>
    </ClInclude>
    <ClInclude Include="Helpers\Common.h">
      <Filter>Helpers</Filter>
    </ClInclude>
    <ClInclude Include="Helpers\EnumHelper.h">
      <Filter>Helpers</Filter>
    </ClInclude>
    <ClInclude Include="Core\AI\Actions\WmiActionProvider.h">
      <Filter>Core\AI\Actions</Filter>
    </ClInclude>
    <ClInclude Include="Core\System\Native\apiimport.h">
      <Filter>Core\System\Native</Filter>
    </ClInclude>
    <ClInclude Include="Core\System\Native\dltmgr.h">
      <Filter>Core\System\Native</Filter>
    </ClInclude>
    <ClInclude Include="Core\System\Native\error.h">
      <Filter>Core\System\Native</Filter>
    </ClInclude>
    <ClInclude Include="Core\System\Native\mapldr.h">
      <Filter>Core\System\Native</Filter>
    </ClInclude>
    <ClInclude Include="Core\System\Native\process.h">
      <Filter>Core\System\Native</Filter>
    </ClInclude>
    <ClInclude Include="Core\System\Native\procproc.h">
      <Filter>Core\System\Native</Filter>
    </ClInclude>
    <ClInclude Include="Core\System\Native\se.h">
      <Filter>Core\System\Native</Filter>
    </ClInclude>
    <ClInclude Include="Core\System\Native\sebasesup.h">
      <Filter>Core\System\Native</Filter>
    </ClInclude>
    <ClInclude Include="Core\System\Native\sebase.h">
      <Filter>Core\System\Native</Filter>
    </ClInclude>
    <ClInclude Include="Core\System\Native\senative.h">
      <Filter>Core\System\Native</Filter>
    </ClInclude>
    <ClInclude Include="Core\System\Native\util.h">
      <Filter>Core\System\Native</Filter>
    </ClInclude>
    <ClInclude Include="Core\System\Native\sesup.h">
      <Filter>Core\System\Native</Filter>
    </ClInclude>
    <ClInclude Include="Core\AI\Tools\PeHeaderScaner.h" />
    <ClInclude Include="Helpers\Win32\Native\NativeProcess.h" />
    <ClInclude Include="Core\System\Native\guisup.h" />
    <ClInclude Include="Core\System\Native\file.h" />
    <ClInclude Include="Core\System\Native\symprv.h" />
    <ClInclude Include="Core\System\Mi\Management.h" />
    <ClInclude Include="Core\System\Native\dump.h" />
    <ClInclude Include="Core\System\Native\basestring.h" />
    <ClInclude Include="Helpers\Win32\ShellHelper.h" />
    <ClInclude Include="Converters\Native\HiconToBitmapSourceConverter.h" />
    <ClInclude Include="Helpers\Win32\Native\NativeSystem.h" />
    <ClInclude Include="Helpers\ProcessPropertiesHelper.h" />
    <ClInclude Include="Helpers\UI\DesktopNotification.h" />
    <ClInclude Include="Controls\DataTable.h" />
    <ClInclude Include="Controls\PerformanceGraph.h" />
    <ClInclude Include="Core\AI\Tools\ProcessDescriptionGenerator.h" />
    <ClInclude Include="Core\Settings\SharedSettings.h" />
    <ClInclude Include="Core\Settings\Settings.h" />
    <ClInclude Include="wil_cppwinrt_module.h" />
    <ClInclude Include="winrt_module_imports.h" />
    <ClInclude Include="Xaml\Mvvm\AsyncRelayCommand.h" />
    <ClInclude Include="Xaml\Mvvm\AsyncRelayCommandFactory.h" />
    <ClInclude Include="Xaml\Mvvm\RelayCommand.h" />
    <ClInclude Include="Xaml\Selectors\ItemTemplateSelector.h" />
    <ClInclude Include="Xaml\Controls\SettingsGroup\SimpleSettingsGroup\SimpleSettingsGroup.h" />
    <ClInclude Include="Xaml\Controls\SettingsGroup\SimpleSettingsGroup\SimpleSettingsGroupAutomationPeer.h" />
    <ClInclude Include="Core\Eil\settings.h" />
    <ClInclude Include="unknown.h" />
    <ClInclude Include="Core\Eil\string.h" />
    <ClInclude Include="Core\Eil\winrt.h" />
    <ClInclude Include="Core\Eil\event.h" />
    <ClInclude Include="Core\Services\AppMemoryManager.h" />
    <ClInclude Include="Core\System\Sources\IProcessDataSource.h" />
    <ClInclude Include="Core\System\Sources\NativeProcessDataSource.h" />
    <ClInclude Include="Core\System\Monitors\MonitorBase.h" />
    <ClInclude Include="Core\System\Monitors\ProcessMonitor.h" />
    <ClInclude Include="Core\Eil\nt.h" />
    <ClInclude Include="Core\System\N2\memory.h" />
    <ClInclude Include="Core\System\N2\process.h" />
    <ClInclude Include="Core\System\N2\delta.h" />
    <ClInclude Include="Core\System\Sources\WTSProcessDataSource.h" />
    <ClInclude Include="Core\System\N2\remote.h" />
    <ClInclude Include="Core\System\Controllers\IProcessController.h" />
    <ClInclude Include="Core\System\Controllers\NativeProcessController.h" />
    <ClInclude Include="Core\System\Controllers\WTSProcessController.h" />
    <ClInclude Include="Core\Services\RemoteDevicesService.h" />
    <ClInclude Include="Core\Messaging.h" />
    <ClInclude Include="Xaml\Styles\StoreNavigationViewStyle\StoreNavigationViewItemAttach.h" />
    <ClInclude Include="Core\Ems\EmsHost.h" />
    <ClInclude Include="Core\Ems\EmsProcessService.h" />
    <ClInclude Include="Core\Ems\EmsServiceProvider.h" />
    <ClInclude Include="Core\Kse\KernelDriver.h" />
  </ItemGroup>
  <ItemGroup>
    <Image Include="Assets\Wide310x150Logo.scale-200.png">
      <Filter>Assets</Filter>
    </Image>
    <Image Include="Assets\StoreLogo.png">
      <Filter>Assets</Filter>
    </Image>
    <Image Include="Assets\Square150x150Logo.scale-200.png">
      <Filter>Assets</Filter>
    </Image>
    <Image Include="Assets\Square44x44Logo.targetsize-24_altform-unplated.png">
      <Filter>Assets</Filter>
    </Image>
    <Image Include="Assets\Square44x44Logo.scale-200.png">
      <Filter>Assets</Filter>
    </Image>
    <Image Include="Assets\SplashScreen.scale-200.png">
      <Filter>Assets</Filter>
    </Image>
    <Image Include="Assets\LockScreenLogo.scale-200.png">
      <Filter>Assets</Filter>
    </Image>
    <Image Include="Assets\waves.jpg" />
  </ItemGroup>
  <ItemGroup>
    <Filter Include="Assets">
      <UniqueIdentifier>{6cf68809-cd06-41cd-93b2-fa140f12a6d7}</UniqueIdentifier>
    </Filter>
    <Filter Include="AppSettings">
      <UniqueIdentifier>{beeef091-bfc2-4b8e-a240-7098e8462523}</UniqueIdentifier>
    </Filter>
    <Filter Include="Converters">
      <UniqueIdentifier>{b024497e-65e8-4800-a931-5f5f3acf983c}</UniqueIdentifier>
    </Filter>
    <Filter Include="Core">
      <UniqueIdentifier>{e6b1739c-0a1c-4777-986f-7b7dd30e2b08}</UniqueIdentifier>
    </Filter>
    <Filter Include="Core\AI">
      <UniqueIdentifier>{ecd5cee4-ac20-402f-b841-bea245b28e32}</UniqueIdentifier>
    </Filter>
    <Filter Include="Core\AI\Actions">
      <UniqueIdentifier>{2e8e1000-23d2-49a7-a0d6-cc7e0c55177b}</UniqueIdentifier>
    </Filter>
    <Filter Include="Core\Data">
      <UniqueIdentifier>{502c9b96-5ee1-42e8-babe-97ac8e9dc411}</UniqueIdentifier>
    </Filter>
    <Filter Include="Core\Data\Enums">
      <UniqueIdentifier>{8f395bc8-2372-411c-90a4-3100b2bc879d}</UniqueIdentifier>
    </Filter>
    <Filter Include="Core\Data\EventArguments">
      <UniqueIdentifier>{3d37aa70-fb02-4fe8-a5ed-6298223b92eb}</UniqueIdentifier>
    </Filter>
    <Filter Include="Core\Data\Factories">
      <UniqueIdentifier>{7605160f-0b3d-49c9-a2c3-c775274f0577}</UniqueIdentifier>
    </Filter>
    <Filter Include="Core\Data\Items">
      <UniqueIdentifier>{b2b18c60-df07-4c95-8f99-ebe4b16a1de8}</UniqueIdentifier>
    </Filter>
    <Filter Include="Core\Data\Models">
      <UniqueIdentifier>{7599f08b-bce8-4c28-9a92-e50e350746d8}</UniqueIdentifier>
    </Filter>
    <Filter Include="Core\Data\Parameters">
      <UniqueIdentifier>{aefbb100-c8f8-45af-8486-737ca8e288c3}</UniqueIdentifier>
    </Filter>
    <Filter Include="Core\Diagnostics">
      <UniqueIdentifier>{1959ea71-51c1-4c7d-a6c1-dcca93d33538}</UniqueIdentifier>
    </Filter>
    <Filter Include="Core\Serialization">
      <UniqueIdentifier>{8452592c-a05e-4e3e-b9a8-7b0807f13ea5}</UniqueIdentifier>
    </Filter>
    <Filter Include="Core\Services">
      <UniqueIdentifier>{c593e9e0-bfb4-496e-a9ee-7073a7dd6223}</UniqueIdentifier>
    </Filter>
    <Filter Include="Core\System">
      <UniqueIdentifier>{1ac7dbf8-eb65-4574-a4cf-33110220badb}</UniqueIdentifier>
    </Filter>
    <Filter Include="Core\Settings">
      <UniqueIdentifier>{ef432284-e5e2-4c6f-969e-92b9c3910adb}</UniqueIdentifier>
    </Filter>
    <Filter Include="Helpers">
      <UniqueIdentifier>{e05a4e92-78f6-4b31-a126-f8ef8dfc0818}</UniqueIdentifier>
    </Filter>
    <Filter Include="Strings">
      <UniqueIdentifier>{aa0664b7-b8ff-43f4-b621-b1750336c8b3}</UniqueIdentifier>
    </Filter>
    <Filter Include="Strings\en-US">
      <UniqueIdentifier>{85d39805-abc2-455a-bab1-6fad0e4d2b79}</UniqueIdentifier>
    </Filter>
    <Filter Include="Strings\ru-RU">
      <UniqueIdentifier>{62366373-4852-44f0-95b6-709787973fe2}</UniqueIdentifier>
    </Filter>
    <Filter Include="ViewModels">
      <UniqueIdentifier>{d4b87970-6c79-4154-b748-8c3cdf1d4c97}</UniqueIdentifier>
    </Filter>
    <Filter Include="ViewModels\Settings">
      <UniqueIdentifier>{240daa6a-457c-4daf-942b-2ff6eb30a40f}</UniqueIdentifier>
    </Filter>
    <Filter Include="ViewModels\Activities">
      <UniqueIdentifier>{02ce6a73-54f3-4ebd-b734-a9f2bd6b82b5}</UniqueIdentifier>
    </Filter>
    <Filter Include="Views">
      <UniqueIdentifier>{f5a21c69-7169-466c-93a6-f5a6b96c02b8}</UniqueIdentifier>
    </Filter>
    <Filter Include="Views\Pages">
      <UniqueIdentifier>{81440641-d7fc-466e-9833-f17cec40a7e9}</UniqueIdentifier>
    </Filter>
    <Filter Include="Views\Windows">
      <UniqueIdentifier>{2618a934-b9ea-43a9-b24c-d9d4c98458e0}</UniqueIdentifier>
    </Filter>
    <Filter Include="Views\Pages\Settings">
      <UniqueIdentifier>{e595b030-29fb-4c88-a309-af610d778199}</UniqueIdentifier>
    </Filter>
    <Filter Include="Views\Pages\Activities">
      <UniqueIdentifier>{05a6240a-5619-419b-b080-8b06ea9b06af}</UniqueIdentifier>
    </Filter>
    <Filter Include="Views\Pages\Properties">
      <UniqueIdentifier>{efb85c09-ece8-4efa-9e10-953dd3142faf}</UniqueIdentifier>
    </Filter>
    <Filter Include="SourceGenerators">
      <UniqueIdentifier>{f20f1dfc-a7fb-4a80-827e-08bfa2bf96c6}</UniqueIdentifier>
    </Filter>
    <Filter Include="Core\System\Native">
      <UniqueIdentifier>{276b7dfc-29c1-4624-93fa-ae3940e4a31a}</UniqueIdentifier>
    </Filter>
    <Filter Include="Helpers\UI">
      <UniqueIdentifier>{4b0da226-424d-448f-a2c2-5f4057b81312}</UniqueIdentifier>
    </Filter>
    <Filter Include="ViewModels\Properties">
      <UniqueIdentifier>{48af53fe-e6d1-4d37-b65f-830e5c07914d}</UniqueIdentifier>
    </Filter>
  </ItemGroup>
  <ItemGroup>
    <Text Include="readme.txt" />
    <Text Include="AppSettings\registration.json">
      <Filter>AppSettings</Filter>
    </Text>
  </ItemGroup>
  <ItemGroup>
    <Manifest Include="app.manifest" />
  </ItemGroup>
  <ItemGroup>
    <AppxManifest Include="Package.appxmanifest" />
  </ItemGroup>
  <ItemGroup>
    <None Include="Source Generators\EnumMapingGenerator.ps1" />
    <None Include="Core\Settings\default.json" />
    <None Include="vcpkg.json" />
    <None Include="vcpkg-configuration.json" />
    <None Include="SystemExplorer_TemporaryKey.pfx" />
    <None Include="Component.json" />
    <None Include="$(_WindowsMLLocalNativePath)\onnxruntime.dll" />
    <None Include="$(_WindowsMLLocalNativePath)\DirectML.dll" />
    <None Include="$(_WindowsMLLocalNativePath)\Microsoft.Windows.AI.MachineLearning.dll" />
    <None Include="packages.config" />
  </ItemGroup>
  <ItemGroup>
    <PRIResource Include="Strings\en-US\Resources.resw">
      <Filter>Strings\en-US</Filter>
    </PRIResource>
    <PRIResource Include="Strings\ru-RU\Resources.resw">
      <Filter>Strings\ru-RU</Filter>
    </PRIResource>
    <PRIResource Include="Strings\hy-AM\Resources.resw" />
  </ItemGroup>
  <ItemGroup>
    <ResourceCompile Include="SystemExplorer.rc" />
  </ItemGroup>
  <ItemGroup>
    <Natvis Include="$(MSBuildThisFileDirectory)..\..\natvis\wil.natvis" />
    <Natvis Include="$(MSBuildThisFileDirectory)..\..\natvis\wil.natstepfilter" />
  </ItemGroup>
</Project>