<?xml version="1.0" encoding="utf-8"?>
<Project ToolsVersion="4.0" xmlns="http://schemas.microsoft.com/developer/msbuild/2003">
  <ItemGroup>
    <ApplicationDefinition Include="App.xaml" />
  </ItemGroup>
  <ItemGroup>
    <Page Include="Views\Windows\MainWindow.xaml" />
    <Page Include="Views\Pages\RootPage.xaml" />
    <Page Include="Views\Pages\Settings\SettingsRootPage.xaml" />
    <Page Include="Views\Pages\Settings\AboutPage.xaml" />
    <Page Include="Views\Pages\Settings\AppearancePage.xaml" />
    <Page Include="Views\Pages\Settings\AdvancedPage.xaml" />
    <Page Include="Views\Pages\Settings\GeneralPage.xaml" />
    <Page Include="Views\Pages\Activities\ActivitiesRootPage.xaml" />
    <Page Include="Views\Pages\Activities\ProcessesPage.xaml" />
  </ItemGroup>
  <ItemGroup>
    <Midl Include="ViewModels\RootViewModel.idl" />
    <Midl Include="ViewModels\Settings\AboutViewModel.idl" />
    <Midl Include="Converters\StringToBrushConverter.idl" />
    <Midl Include="Models\Items\AppThemeResourceItem.idl" />
    <Midl Include="ViewModels\Settings\AppearanceViewModel.idl" />
    <Midl Include="Core\Serialization\SettingsBase.idl" />
    <Midl Include="Core\Settings\AppearanceSettings.idl" />
    <Midl Include="ViewModels\Settings\AdvancedViewModel.idl" />
    <Midl Include="Core\Settings\AdvancedSettings.idl" />
    <Midl Include="Core\Settings\UserSettings.idl" />
    <Midl Include="Core\Data\EventArguments\SettingChangedEventArgs.idl" />
    <Midl Include="Converters\HexToColorConverter.idl" />
    <Midl Include="Core\Data\Enums\BackdropMaterialType.idl" />
    <Midl Include="Helpers\StringsHelper.idl" />
    <Midl Include="Core\Data\Enums\InformationUpdateSpeed.idl" />
    <Midl Include="Core\Data\Enums\Stretch.idl" />
    <Midl Include="Core\Data\Enums\VerticalAlignment.idl" />
    <Midl Include="Core\Data\Enums\HorizontalAlignment.idl" />
    <Midl Include="ViewModels\ViewModelBase.idl" />
    <Midl Include="Core\Serialization\IJsonSettingsSerializer.idl" />
    <Midl Include="Core\Serialization\DefaultJsonSettingsSerializer.idl" />
    <Midl Include="Models\Items\AppLanguageItem.idl" />
    <Midl Include="ViewModels\Settings\GeneralViewModel.idl" />
    <Midl Include="ViewModels\Activities\ProcessesViewModel.idl" />
    <Midl Include="Converters\ValueToSizeUnitConverter.idl" />
    <Midl Include="Core\Settings\GeneralSettings.idl" />
    <Midl Include="Converters\StringFormatConverter.idl" />
    <Midl Include="Models\ProcessInformation.idl" />
  </ItemGroup>
  <ItemGroup>
    <ClCompile Include="pch.cpp" />
    <ClCompile Include="Core\System\Management.cpp" />
    <ClCompile Include="Core\Data\Factories\AppThemeResourceFactory.cpp" />
    <ClCompile Include="main.cpp" />
    <ClCompile Include="Core\Services\AppResourcesService.cpp" />
    <ClCompile Include="Helpers\Win32Helper.cpp" />
    <ClCompile Include="Helpers\EnumHelper.cpp" />
    <ClCompile Include="Core\Diagnostics\AsyncFileLogger.cpp" />
    <ClCompile Include="Core\Services\AppLanguageService.cpp" />
    <ClCompile Include="Core\System\ProcessInformationProvider.cpp" />
    <ClCompile Include="Core\Services\ComRegistrationService.cpp" />
    <ClCompile Include="Core\AI\Actions\ProcessesActionProvider.cpp" />
    <ClCompile Include="Core\AI\Actions\WmiActionProvider.cpp" />
  </ItemGroup>
  <ItemGroup>
    <ClInclude Include="pch.h" />
    <ClInclude Include="Core\System\Management.h" />
    <ClInclude Include="Core\System\System.h" />
    <ClInclude Include="Core\Scripting.h" />
    <ClInclude Include="Core\Data\Factories\AppThemeResourceFactory.h" />
    <ClInclude Include="Core\Services\AppResourcesService.h" />
    <ClInclude Include="Core\Services\ISingletonService.h" />
    <ClInclude Include="Helpers\Win32Helper.h" />
    <ClInclude Include="Helpers\Common.h" />
    <ClInclude Include="Helpers\EnumHelper.h" />
    <ClInclude Include="resource.h" />
    <ClInclude Include="Core\Diagnostics\AsyncFileLogger.h" />
    <ClInclude Include="Core\Services\AppLanguageService.h" />
    <ClInclude Include="Core\Serialization\functional.h" />
    <ClInclude Include="Core\System\ProcessInformationProvider.h" />
    <ClInclude Include="Core\System\pthread.h" />
    <ClInclude Include="Core\Diagnostics\Diagnostics.h" />
    <ClInclude Include="Core\Services\ComRegistrationService.h" />
    <ClInclude Include="Core\AI\Actions\ProcessesActionProvider.h" />
    <ClInclude Include="Core\AI\Actions\WmiActionProvider.h" />
    <ClInclude Include="factory.h" />
    <ClInclude Include="property.h" />
  </ItemGroup>
  <ItemGroup>
    <Image Include="Assets\Wide310x150Logo.scale-200.png">
      <Filter>Assets</Filter>
    </Image>
    <Image Include="Assets\StoreLogo.png">
      <Filter>Assets</Filter>
    </Image>
    <Image Include="Assets\Square150x150Logo.scale-200.png">
      <Filter>Assets</Filter>
    </Image>
    <Image Include="Assets\Square44x44Logo.targetsize-24_altform-unplated.png">
      <Filter>Assets</Filter>
    </Image>
    <Image Include="Assets\Square44x44Logo.scale-200.png">
      <Filter>Assets</Filter>
    </Image>
    <Image Include="Assets\SplashScreen.scale-200.png">
      <Filter>Assets</Filter>
    </Image>
    <Image Include="Assets\LockScreenLogo.scale-200.png">
      <Filter>Assets</Filter>
    </Image>
  </ItemGroup>
  <ItemGroup>
    <Filter Include="Assets">
      <UniqueIdentifier>{6cf68809-cd06-41cd-93b2-fa140f12a6d7}</UniqueIdentifier>
    </Filter>
  </ItemGroup>
  <ItemGroup>
    <Text Include="readme.txt" />
    <Text Include="AppSettings\registration.json" />
  </ItemGroup>
  <ItemGroup>
    <Manifest Include="app.manifest" />
  </ItemGroup>
  <ItemGroup>
    <AppxManifest Include="Package.appxmanifest" />
  </ItemGroup>
  <ItemGroup>
    <None Include="packages.config" />
    <None Include="ResourceGenerator.ps1" />
    <None Include="EnumMapingGenerator.ps1" />
    <None Include="SystemExplorer_TemporaryKey.pfx" />
  </ItemGroup>
  <ItemGroup>
    <PRIResource Include="Strings\en-US\Resources.resw" />
    <PRIResource Include="Strings\ru-RU\Resources.resw" />
  </ItemGroup>
  <ItemGroup>
    <ResourceCompile Include="SystemExplorer.rc" />
  </ItemGroup>
  <ItemGroup>
    <Natvis Include="$(MSBuildThisFileDirectory)..\..\natvis\wil.natvis" />
    <Natvis Include="$(MSBuildThisFileDirectory)..\..\natvis\wil.natstepfilter" />
  </ItemGroup>
</Project>