<?xml version="1.0" encoding="utf-8"?>
<Project ToolsVersion="4.0" xmlns="http://schemas.microsoft.com/developer/msbuild/2003">
  <ItemGroup>
    <Filter Include="Util">
      <UniqueIdentifier>{cd3793f7-621d-45d1-b99a-0dc5123db19f}</UniqueIdentifier>
    </Filter>
  </ItemGroup>
  <ItemGroup>
    <ClInclude Include="$(MSBuildThisFileDirectory)util\concepts.h" />
    <ClInclude Include="$(MSBuildThisFileDirectory)simplefactory.h" />
    <ClInclude Include="$(MSBuildThisFileDirectory)wilx.h" />
  </ItemGroup>
</Project>