<?xml version="1.0" encoding="utf-8"?>
<Project ToolsVersion="15.0" xmlns="http://schemas.microsoft.com/developer/msbuild/2003">
  <ItemGroup>
    <Filter Include="Resources">
      <UniqueIdentifier>accd3aa8-1ba0-4223-9bbe-0c431709210b</UniqueIdentifier>
      <Extensions>rc;ico;cur;bmp;dlg;rc2;rct;bin;rgs;gif;jpg;jpeg;jpe;resx;tga;tiff;tif;png;wav;mfcribbon-ms</Extensions>
    </Filter>
    <Filter Include="Generated Files">
      <UniqueIdentifier>{926ab91d-31b4-48c3-b9a4-e681349f27f0}</UniqueIdentifier>
    </Filter>
    <Filter Include="Common">
      <UniqueIdentifier>{8857cc15-44b3-4379-bf16-0f939cee5740}</UniqueIdentifier>
    </Filter>
    <Filter Include="Common\Attach">
      <UniqueIdentifier>{3933a78f-c2c7-4717-b059-f4d8dee25c25}</UniqueIdentifier>
    </Filter>
    <Filter Include="Controls">
      <UniqueIdentifier>{4ac42843-b492-4feb-b117-854747a9d5a3}</UniqueIdentifier>
    </Filter>
    <Filter Include="Controls\SettingsGroup">
      <UniqueIdentifier>{d97df74e-5f97-4d37-b7eb-74183939d8dd}</UniqueIdentifier>
    </Filter>
    <Filter Include="Helpers">
      <UniqueIdentifier>{f7355f83-1bc9-407d-bed0-7969981fdde5}</UniqueIdentifier>
    </Filter>
    <Filter Include="Mvvm">
      <UniqueIdentifier>{a5763a02-9822-4579-8f6e-42d9395240e4}</UniqueIdentifier>
    </Filter>
    <Filter Include="Mvvm\Input">
      <UniqueIdentifier>{4ca3b176-444f-4cca-8dc8-024e2f54de6f}</UniqueIdentifier>
    </Filter>
    <Filter Include="Mvvm\ComponentModel">
      <UniqueIdentifier>{707e7dd3-bae4-4596-8260-46b279011682}</UniqueIdentifier>
    </Filter>
    <Filter Include="Styles">
      <UniqueIdentifier>{9314b5c7-4d06-44e6-9d0e-7defeacd84f5}</UniqueIdentifier>
    </Filter>
    <Filter Include="Themes">
      <UniqueIdentifier>{f23ca5ef-61ca-4fd0-ad8d-5ae192831e28}</UniqueIdentifier>
    </Filter>
    <Filter Include="Extensions">
      <UniqueIdentifier>{8a209a8d-b9f8-4ab1-ae06-99af3b5eb6b8}</UniqueIdentifier>
    </Filter>
  </ItemGroup>
  <ItemGroup>
    <ClCompile Include="pch.cpp" />
    <ClCompile Include="$(GeneratedFilesDir)module.g.cpp" />
  </ItemGroup>
  <ItemGroup>
    <ClInclude Include="pch.h" />
    <ClInclude Include="Extensions\DependencyObjectExtensions.h" />
    <ClInclude Include="Extensions\Predicates.h" />
  </ItemGroup>
  <ItemGroup>
    <None Include="Xaml.def" />
    <None Include="packages.config" />
  </ItemGroup>
  <ItemGroup>
    <Text Include="readme.txt" />
  </ItemGroup>
  <ItemGroup>
    <Midl Include="Common\Attach\StoreNavigationViewItemAttach.idl">
      <Filter>Common\Attach</Filter>
    </Midl>
    <Midl Include="Common\Attach\VisualAttach.idl">
      <Filter>Common\Attach</Filter>
    </Midl>
    <Midl Include="Controls\SettingsGroup\SimpleSettingsGroup\SimpleSettingsGroup.idl">
      <Filter>Controls\SettingsGroup</Filter>
    </Midl>
    <Midl Include="Controls\SettingsGroup\SimpleSettingsGroup\SimpleSettingsGroupAutomationPeer.idl">
      <Filter>Controls\SettingsGroup</Filter>
    </Midl>
    <Midl Include="Helpers\ImplicitOffsetAnimationHelper.idl">
      <Filter>Helpers</Filter>
    </Midl>
    <Midl Include="Mvvm\Input\AsyncRelayCommandFactory.idl">
      <Filter>Mvvm\Input</Filter>
    </Midl>
    <Midl Include="Mvvm\Input\AsyncRelayCommand.idl">
      <Filter>Mvvm\Input</Filter>
    </Midl>
    <Midl Include="Mvvm\Input\RelayCommand.idl">
      <Filter>Mvvm\Input</Filter>
    </Midl>
    <Midl Include="Mvvm\ComponentModel\ObservableObject.idl">
      <Filter>Mvvm\ComponentModel</Filter>
    </Midl>
    <Midl Include="Controls\DataTable\DataRow.idl" />
    <Midl Include="Controls\DataTable\DataColumn.idl" />
    <Midl Include="Controls\DataTable\DataTable.idl" />
    <Midl Include="Controls\DataTable\SortDirection.idl" />
  </ItemGroup>
  <ItemGroup>
    <Page Include="Controls\SettingsGroup\SimpleSettingsGroup\SimpleSettingsGroup.xaml">
      <Filter>Controls\SettingsGroup</Filter>
    </Page>
    <Page Include="Styles\FlatButton.xaml">
      <Filter>Styles</Filter>
    </Page>
    <Page Include="Styles\Animations.xaml">
      <Filter>Styles</Filter>
    </Page>
    <Page Include="Styles\NavigationView.xaml">
      <Filter>Styles</Filter>
    </Page>
    <Page Include="Themes\Generic.xaml">
      <Filter>Themes</Filter>
    </Page>
    <Page Include="Controls\DataTable\DataColumn.xaml" />
    <Page Include="Styles\PropertyStyles.xaml" />
  </ItemGroup>
</Project>